
Microsoft Visual Studio Solution File, Format Version 12.00
# Visual Studio 15
VisualStudioVersion = 15.0.27703.2026
MinimumVisualStudioVersion = 10.0.40219.1
Project("{9A19103F-16F7-4668-BE54-9A1E7A4F7556}") = "DotnetSpider.Hub", "src\DotnetSpider.Hub\DotnetSpider.Hub.csproj", "{BA37F566-D0CC-44E8-BD69-2352F887E661}"
EndProject
Project("{9A19103F-16F7-4668-BE54-9A1E7A4F7556}") = "DotnetSpider.Hub.Core", "src\DotnetSpider.Hub.Core\DotnetSpider.Hub.Core.csproj", "{E9A82635-E25C-47C9-8B69-87583D222F9A}"
EndProject
Project("{9A19103F-16F7-4668-BE54-9A1E7A4F7556}") = "DotnetSpider.Hub.EntityFrameworkCore", "src\DotnetSpider.Hub.EntityFrameworkCore\DotnetSpider.Hub.EntityFrameworkCore.csproj", "{6766DC90-3145-4578-BF09-203F0894B0E0}"
EndProject
Project("{FAE04EC0-301F-11D3-BF4B-00C04F79EFBC}") = "DotnetSpider.Hub.Application", "src\DotnetSpider.Hub.Application\DotnetSpider.Hub.Application.csproj", "{8D0B3329-8FB8-46CC-B4C9-3689C810CCFC}"
EndProject
Global
	GlobalSection(SolutionConfigurationPlatforms) = preSolution
		Debug|Any CPU = Debug|Any CPU
		Release|Any CPU = Release|Any CPU
	EndGlobalSection
	GlobalSection(ProjectConfigurationPlatforms) = postSolution
		{BA37F566-D0CC-44E8-BD69-2352F887E661}.Debug|Any CPU.ActiveCfg = Debug|Any CPU
		{BA37F566-D0CC-44E8-BD69-2352F887E661}.Debug|Any CPU.Build.0 = Debug|Any CPU
		{BA37F566-D0CC-44E8-BD69-2352F887E661}.Release|Any CPU.ActiveCfg = Release|Any CPU
		{BA37F566-D0CC-44E8-BD69-2352F887E661}.Release|Any CPU.Build.0 = Release|Any CPU
		{E9A82635-E25C-47C9-8B69-87583D222F9A}.Debug|Any CPU.ActiveCfg = Debug|Any CPU
		{E9A82635-E25C-47C9-8B69-87583D222F9A}.Debug|Any CPU.Build.0 = Debug|Any CPU
		{E9A82635-E25C-47C9-8B69-87583D222F9A}.Release|Any CPU.ActiveCfg = Release|Any CPU
		{E9A82635-E25C-47C9-8B69-87583D222F9A}.Release|Any CPU.Build.0 = Release|Any CPU
		{6766DC90-3145-4578-BF09-203F0894B0E0}.Debug|Any CPU.ActiveCfg = Debug|Any CPU
		{6766DC90-3145-4578-BF09-203F0894B0E0}.Debug|Any CPU.Build.0 = Debug|Any CPU
		{6766DC90-3145-4578-BF09-203F0894B0E0}.Release|Any CPU.ActiveCfg = Release|Any CPU
		{6766DC90-3145-4578-BF09-203F0894B0E0}.Release|Any CPU.Build.0 = Release|Any CPU
		{8D0B3329-8FB8-46CC-B4C9-3689C810CCFC}.Debug|Any CPU.ActiveCfg = Debug|Any CPU
		{8D0B3329-8FB8-46CC-B4C9-3689C810CCFC}.Debug|Any CPU.Build.0 = Debug|Any CPU
		{8D0B3329-8FB8-46CC-B4C9-3689C810CCFC}.Release|Any CPU.ActiveCfg = Release|Any CPU
		{8D0B3329-8FB8-46CC-B4C9-3689C810CCFC}.Release|Any CPU.Build.0 = Release|Any CPU
	EndGlobalSection
	GlobalSection(SolutionProperties) = preSolution
		HideSolutionNode = FALSE
	EndGlobalSection
	GlobalSection(ExtensibilityGlobals) = postSolution
		SolutionGuid = {990521D6-AB04-493C-BF71-D03C9FAA7898}
	EndGlobalSection
EndGlobal
