
Microsoft Visual Studio Solution File, Format Version 12.00
# Visual Studio 15
VisualStudioVersion = 15.0.27004.2008
MinimumVisualStudioVersion = 10.0.40219.1
Project("{2150E333-8FDC-42A3-9474-1A3956D46DE8}") = "00. Solution items", "00. Solution items", "{420BCCA4-2759-4EAC-90B0-F97CA854C0A4}"
	ProjectSection(SolutionItems) = preProject
		LICENSE = LICENSE
		README.md = README.md
	EndProjectSection
EndProject
Project("{9A19103F-16F7-4668-BE54-9A1E7A4F7556}") = "DotnetSpider.Enterprise", "src\DotnetSpider.Enterprise\DotnetSpider.Enterprise.csproj", "{B4973CD4-BBEA-4522-B50C-F5B2297B191E}"
EndProject
Project("{9A19103F-16F7-4668-BE54-9A1E7A4F7556}") = "DotnetSpider.Enterprise.EntityFrameworkCore", "Src\DotnetSpider.Enterprise.EntityFrameworkCore\DotnetSpider.Enterprise.EntityFrameworkCore.csproj", "{98AE3526-8BBF-499F-94F3-A20F6F2E4AD6}"
EndProject
Project("{9A19103F-16F7-4668-BE54-9A1E7A4F7556}") = "DotnetSpider.Enterprise.Core", "Src\DotnetSpider.Enterprise.Core\DotnetSpider.Enterprise.Core.csproj", "{CB03DA98-5831-4F74-B6CD-1092927EFE52}"
EndProject
Project("{9A19103F-16F7-4668-BE54-9A1E7A4F7556}") = "DotnetSpider.Enterprise.Domain", "Src\DotnetSpider.Enterprise.Domain\DotnetSpider.Enterprise.Domain.csproj", "{CF4AC8C4-5695-49B5-8C40-0E7DE7BE398D}"
EndProject
Project("{9A19103F-16F7-4668-BE54-9A1E7A4F7556}") = "DotnetSpider.Enterprise.Application", "Src\DotnetSpider.Enterprise.Application\DotnetSpider.Enterprise.Application.csproj", "{30651031-D2EE-4DAA-90EB-CF890CDAE8E0}"
EndProject
Project("{2150E333-8FDC-42A3-9474-1A3956D46DE8}") = "01. Web", "01. Web", "{88DC5E2D-DAF2-42B3-9DA3-3896145C9E3C}"
EndProject
Global
	GlobalSection(SolutionConfigurationPlatforms) = preSolution
		Debug|Any CPU = Debug|Any CPU
		Release|Any CPU = Release|Any CPU
	EndGlobalSection
	GlobalSection(ProjectConfigurationPlatforms) = postSolution
		{B4973CD4-BBEA-4522-B50C-F5B2297B191E}.Debug|Any CPU.ActiveCfg = Debug|Any CPU
		{B4973CD4-BBEA-4522-B50C-F5B2297B191E}.Debug|Any CPU.Build.0 = Debug|Any CPU
		{B4973CD4-BBEA-4522-B50C-F5B2297B191E}.Release|Any CPU.ActiveCfg = Release|Any CPU
		{B4973CD4-BBEA-4522-B50C-F5B2297B191E}.Release|Any CPU.Build.0 = Release|Any CPU
		{98AE3526-8BBF-499F-94F3-A20F6F2E4AD6}.Debug|Any CPU.ActiveCfg = Debug|Any CPU
		{98AE3526-8BBF-499F-94F3-A20F6F2E4AD6}.Debug|Any CPU.Build.0 = Debug|Any CPU
		{98AE3526-8BBF-499F-94F3-A20F6F2E4AD6}.Release|Any CPU.ActiveCfg = Release|Any CPU
		{98AE3526-8BBF-499F-94F3-A20F6F2E4AD6}.Release|Any CPU.Build.0 = Release|Any CPU
		{CB03DA98-5831-4F74-B6CD-1092927EFE52}.Debug|Any CPU.ActiveCfg = Debug|Any CPU
		{CB03DA98-5831-4F74-B6CD-1092927EFE52}.Debug|Any CPU.Build.0 = Debug|Any CPU
		{CB03DA98-5831-4F74-B6CD-1092927EFE52}.Release|Any CPU.ActiveCfg = Release|Any CPU
		{CB03DA98-5831-4F74-B6CD-1092927EFE52}.Release|Any CPU.Build.0 = Release|Any CPU
		{CF4AC8C4-5695-49B5-8C40-0E7DE7BE398D}.Debug|Any CPU.ActiveCfg = Debug|Any CPU
		{CF4AC8C4-5695-49B5-8C40-0E7DE7BE398D}.Debug|Any CPU.Build.0 = Debug|Any CPU
		{CF4AC8C4-5695-49B5-8C40-0E7DE7BE398D}.Release|Any CPU.ActiveCfg = Release|Any CPU
		{CF4AC8C4-5695-49B5-8C40-0E7DE7BE398D}.Release|Any CPU.Build.0 = Release|Any CPU
		{30651031-D2EE-4DAA-90EB-CF890CDAE8E0}.Debug|Any CPU.ActiveCfg = Debug|Any CPU
		{30651031-D2EE-4DAA-90EB-CF890CDAE8E0}.Debug|Any CPU.Build.0 = Debug|Any CPU
		{30651031-D2EE-4DAA-90EB-CF890CDAE8E0}.Release|Any CPU.ActiveCfg = Release|Any CPU
		{30651031-D2EE-4DAA-90EB-CF890CDAE8E0}.Release|Any CPU.Build.0 = Release|Any CPU
	EndGlobalSection
	GlobalSection(SolutionProperties) = preSolution
		HideSolutionNode = FALSE
	EndGlobalSection
	GlobalSection(NestedProjects) = preSolution
		{B4973CD4-BBEA-4522-B50C-F5B2297B191E} = {88DC5E2D-DAF2-42B3-9DA3-3896145C9E3C}
		{98AE3526-8BBF-499F-94F3-A20F6F2E4AD6} = {88DC5E2D-DAF2-42B3-9DA3-3896145C9E3C}
		{CB03DA98-5831-4F74-B6CD-1092927EFE52} = {88DC5E2D-DAF2-42B3-9DA3-3896145C9E3C}
		{CF4AC8C4-5695-49B5-8C40-0E7DE7BE398D} = {88DC5E2D-DAF2-42B3-9DA3-3896145C9E3C}
		{30651031-D2EE-4DAA-90EB-CF890CDAE8E0} = {88DC5E2D-DAF2-42B3-9DA3-3896145C9E3C}
	EndGlobalSection
	GlobalSection(ExtensibilityGlobals) = postSolution
		SolutionGuid = {31D8D950-D2C2-4BDE-A27E-213F10DA4323}
	EndGlobalSection
EndGlobal
